# THIS IS AN AUTOGENERATED FILE. DO NOT EDIT THIS FILE DIRECTLY.
# yarn lockfile v1


json-query@^2.2.2:
  version "2.2.2"
  resolved "https://registry.yarnpkg.com/json-query/-/json-query-2.2.2.tgz#b6558b8a3794ccd217926aa38024324b77b48ab1"
  integrity sha512-y+IcVZSdqNmS4fO8t1uZF6RMMs0xh3SrTjJr9bp1X3+v0Q13+7Cyv12dSmKwDswp/H427BVtpkLWhGxYu3ZWRA==

react-native-argon2@^2.0.1:
  version "2.0.1"
  resolved "https://registry.yarnpkg.com/react-native-argon2/-/react-native-argon2-2.0.1.tgz#eaa6fb77c76b8c85ad83dfa4507f83ba37285e4b"
  integrity sha512-/iOi0S+VVgS1gQGtQgL4ZxUVS4gz6Lav3bgIbtNmr9KbOunnBYzP6/yBe/XxkbpXvasHDwdQnuppOH/nuOBn7w==

react-native-sensitive-info@^6.0.0-alpha.9:
  version "6.0.0-rc.2"
  resolved "https://registry.yarnpkg.com/react-native-sensitive-info/-/react-native-sensitive-info-6.0.0-rc.2.tgz#2ecc10c52f680bc45069f425303e37ac59d7d10b"
  integrity sha512-0bl7ovyJeKtDXNKlZNYN25Efo12uf/1IMO705QENDmsOuWmluq08PEvLQRhzys4Smzb8gGQZzOczdUpHngZKBQ==
